// !$*UTF8*$!
{
	archiveVersion = 1;
	classes = {
	};
	objectVersion = 50;
	objects = {

/* Begin PBXBuildFile section */
		1B099A3F22122D6400231188 /* DateAndDurationCell.swift in Sources */ = {isa = PBXBuildFile; fileRef = 1B099A3D22122D6400231188 /* DateAndDurationCell.swift */; };
		1B099A4022122D6400231188 /* DateAndDurationCell.xib in Resources */ = {isa = PBXBuildFile; fileRef = 1B099A3E22122D6400231188 /* DateAndDurationCell.xib */; };
		1B099A4322123EA500231188 /* UIView+Extensions.swift in Sources */ = {isa = PBXBuildFile; fileRef = 1B099A4222123EA500231188 /* UIView+Extensions.swift */; };
		1B250CC6220EE7A4004607B7 /* AppDelegate.swift in Sources */ = {isa = PBXBuildFile; fileRef = 1B250CC5220EE7A4004607B7 /* AppDelegate.swift */; };
		1B250CC8220EE7A4004607B7 /* ListVC.swift in Sources */ = {isa = PBXBuildFile; fileRef = 1B250CC7220EE7A4004607B7 /* ListVC.swift */; };
		1B250CCB220EE7A4004607B7 /* Main.storyboard in Resources */ = {isa = PBXBuildFile; fileRef = 1B250CC9220EE7A4004607B7 /* Main.storyboard */; };
		1B250CCD220EE7A6004607B7 /* Assets.xcassets in Resources */ = {isa = PBXBuildFile; fileRef = 1B250CCC220EE7A6004607B7 /* Assets.xcassets */; };
		1B250CD0220EE7A6004607B7 /* LaunchScreen.storyboard in Resources */ = {isa = PBXBuildFile; fileRef = 1B250CCE220EE7A6004607B7 /* LaunchScreen.storyboard */; };
		1B250CD9220EE9D6004607B7 /* Video.swift in Sources */ = {isa = PBXBuildFile; fileRef = 1B250CD8220EE9D6004607B7 /* Video.swift */; };
		1B250CDF220EFAAF004607B7 /* VideoListCell.swift in Sources */ = {isa = PBXBuildFile; fileRef = 1B250CDD220EFAAF004607B7 /* VideoListCell.swift */; };
		1B250CE0220EFAAF004607B7 /* VideoListCell.xib in Resources */ = {isa = PBXBuildFile; fileRef = 1B250CDE220EFAAF004607B7 /* VideoListCell.xib */; };
		1B250CE4220F04BE004607B7 /* DetailsVC.swift in Sources */ = {isa = PBXBuildFile; fileRef = 1B250CE3220F04BE004607B7 /* DetailsVC.swift */; };
		1B250CEE22106075004607B7 /* SimpleTextCell.swift in Sources */ = {isa = PBXBuildFile; fileRef = 1B250CEC22106075004607B7 /* SimpleTextCell.swift */; };
		1B250CEF22106075004607B7 /* SimpleTextCell.xib in Resources */ = {isa = PBXBuildFile; fileRef = 1B250CED22106075004607B7 /* SimpleTextCell.xib */; };
		1B250CF222107338004607B7 /* APIClient.swift in Sources */ = {isa = PBXBuildFile; fileRef = 1B250CF122107338004607B7 /* APIClient.swift */; };
		1B250CF5221080CA004607B7 /* CommentCell.swift in Sources */ = {isa = PBXBuildFile; fileRef = 1B250CF3221080CA004607B7 /* CommentCell.swift */; };
		1B250CF6221080CA004607B7 /* CommentCell.xib in Resources */ = {isa = PBXBuildFile; fileRef = 1B250CF4221080CA004607B7 /* CommentCell.xib */; };
		1B250CF82210991E004607B7 /* Comment.swift in Sources */ = {isa = PBXBuildFile; fileRef = 1B250CF72210991E004607B7 /* Comment.swift */; };
		1B4014EF2211852E0076FCC1 /* VideoListClient.swift in Sources */ = {isa = PBXBuildFile; fileRef = 1B4014EE2211852E0076FCC1 /* VideoListClient.swift */; };
		1B5C5DD02211D877007124D9 /* VideoDetailsClient.swift in Sources */ = {isa = PBXBuildFile; fileRef = 1B5C5DCF2211D877007124D9 /* VideoDetailsClient.swift */; };
		6A7CF25AD7998AF1D288CFED /* Pods_Play_Sports_Network_Test.framework in Frameworks */ = {isa = PBXBuildFile; fileRef = 7EF613AFA44D7EEB2EE4C10F /* Pods_Play_Sports_Network_Test.framework */; };
/* End PBXBuildFile section */

/* Begin PBXFileReference section */
		1B099A3D22122D6400231188 /* DateAndDurationCell.swift */ = {isa = PBXFileReference; lastKnownFileType = sourcecode.swift; path = DateAndDurationCell.swift; sourceTree = "<group>"; };
		1B099A3E22122D6400231188 /* DateAndDurationCell.xib */ = {isa = PBXFileReference; lastKnownFileType = file.xib; path = DateAndDurationCell.xib; sourceTree = "<group>"; };
		1B099A4222123EA500231188 /* UIView+Extensions.swift */ = {isa = PBXFileReference; lastKnownFileType = sourcecode.swift; path = "UIView+Extensions.swift"; sourceTree = "<group>"; };
		1B250CC2220EE7A4004607B7 /* Play Sports Network Test.app */ = {isa = PBXFileReference; explicitFileType = wrapper.application; includeInIndex = 0; path = "Play Sports Network Test.app"; sourceTree = BUILT_PRODUCTS_DIR; };
		1B250CC5220EE7A4004607B7 /* AppDelegate.swift */ = {isa = PBXFileReference; lastKnownFileType = sourcecode.swift; path = AppDelegate.swift; sourceTree = "<group>"; };
		1B250CC7220EE7A4004607B7 /* ListVC.swift */ = {isa = PBXFileReference; lastKnownFileType = sourcecode.swift; path = ListVC.swift; sourceTree = "<group>"; };
		1B250CCA220EE7A4004607B7 /* Base */ = {isa = PBXFileReference; lastKnownFileType = file.storyboard; name = Base; path = Base.lproj/Main.storyboard; sourceTree = "<group>"; };
		1B250CCC220EE7A6004607B7 /* Assets.xcassets */ = {isa = PBXFileReference; lastKnownFileType = folder.assetcatalog; path = Assets.xcassets; sourceTree = "<group>"; };
		1B250CCF220EE7A6004607B7 /* Base */ = {isa = PBXFileReference; lastKnownFileType = file.storyboard; name = Base; path = Base.lproj/LaunchScreen.storyboard; sourceTree = "<group>"; };
		1B250CD1220EE7A6004607B7 /* Info.plist */ = {isa = PBXFileReference; lastKnownFileType = text.plist.xml; path = Info.plist; sourceTree = "<group>"; };
		1B250CD8220EE9D6004607B7 /* Video.swift */ = {isa = PBXFileReference; lastKnownFileType = sourcecode.swift; path = Video.swift; sourceTree = "<group>"; };
		1B250CDD220EFAAF004607B7 /* VideoListCell.swift */ = {isa = PBXFileReference; lastKnownFileType = sourcecode.swift; path = VideoListCell.swift; sourceTree = "<group>"; };
		1B250CDE220EFAAF004607B7 /* VideoListCell.xib */ = {isa = PBXFileReference; lastKnownFileType = file.xib; path = VideoListCell.xib; sourceTree = "<group>"; };
		1B250CE3220F04BE004607B7 /* DetailsVC.swift */ = {isa = PBXFileReference; lastKnownFileType = sourcecode.swift; path = DetailsVC.swift; sourceTree = "<group>"; };
		1B250CEC22106075004607B7 /* SimpleTextCell.swift */ = {isa = PBXFileReference; lastKnownFileType = sourcecode.swift; path = SimpleTextCell.swift; sourceTree = "<group>"; };
		1B250CED22106075004607B7 /* SimpleTextCell.xib */ = {isa = PBXFileReference; lastKnownFileType = file.xib; path = SimpleTextCell.xib; sourceTree = "<group>"; };
		1B250CF122107338004607B7 /* APIClient.swift */ = {isa = PBXFileReference; lastKnownFileType = sourcecode.swift; path = APIClient.swift; sourceTree = "<group>"; };
		1B250CF3221080CA004607B7 /* CommentCell.swift */ = {isa = PBXFileReference; lastKnownFileType = sourcecode.swift; path = CommentCell.swift; sourceTree = "<group>"; };
		1B250CF4221080CA004607B7 /* CommentCell.xib */ = {isa = PBXFileReference; lastKnownFileType = file.xib; path = CommentCell.xib; sourceTree = "<group>"; };
		1B250CF72210991E004607B7 /* Comment.swift */ = {isa = PBXFileReference; lastKnownFileType = sourcecode.swift; path = Comment.swift; sourceTree = "<group>"; };
		1B4014EE2211852E0076FCC1 /* VideoListClient.swift */ = {isa = PBXFileReference; lastKnownFileType = sourcecode.swift; path = VideoListClient.swift; sourceTree = "<group>"; };
		1B5C5DCF2211D877007124D9 /* VideoDetailsClient.swift */ = {isa = PBXFileReference; lastKnownFileType = sourcecode.swift; path = VideoDetailsClient.swift; sourceTree = "<group>"; };
		678600696DA50405107F173D /* Pods-Play Sports Network Test.debug.xcconfig */ = {isa = PBXFileReference; includeInIndex = 1; lastKnownFileType = text.xcconfig; name = "Pods-Play Sports Network Test.debug.xcconfig"; path = "Pods/Target Support Files/Pods-Play Sports Network Test/Pods-Play Sports Network Test.debug.xcconfig"; sourceTree = "<group>"; };
		7EF613AFA44D7EEB2EE4C10F /* Pods_Play_Sports_Network_Test.framework */ = {isa = PBXFileReference; explicitFileType = wrapper.framework; includeInIndex = 0; path = Pods_Play_Sports_Network_Test.framework; sourceTree = BUILT_PRODUCTS_DIR; };
		ED994E726D4AC2CD54D1053C /* Pods-Play Sports Network Test.release.xcconfig */ = {isa = PBXFileReference; includeInIndex = 1; lastKnownFileType = text.xcconfig; name = "Pods-Play Sports Network Test.release.xcconfig"; path = "Pods/Target Support Files/Pods-Play Sports Network Test/Pods-Play Sports Network Test.release.xcconfig"; sourceTree = "<group>"; };
/* End PBXFileReference section */

/* Begin PBXFrameworksBuildPhase section */
		1B250CBF220EE7A4004607B7 /* Frameworks */ = {
			isa = PBXFrameworksBuildPhase;
			buildActionMask = 2147483647;
			files = (
				6A7CF25AD7998AF1D288CFED /* Pods_Play_Sports_Network_Test.framework in Frameworks */,
			);
			runOnlyForDeploymentPostprocessing = 0;
		};
/* End PBXFrameworksBuildPhase section */

/* Begin PBXGroup section */
		1ACCEAB5058FBCC9815C646E /* Frameworks */ = {
			isa = PBXGroup;
			children = (
				7EF613AFA44D7EEB2EE4C10F /* Pods_Play_Sports_Network_Test.framework */,
			);
			name = Frameworks;
			sourceTree = "<group>";
		};
		1B099A4122123E8500231188 /* Extensions */ = {
			isa = PBXGroup;
			children = (
				1B099A4222123EA500231188 /* UIView+Extensions.swift */,
			);
			path = Extensions;
			sourceTree = "<group>";
		};
		1B250CB9220EE7A4004607B7 = {
			isa = PBXGroup;
			children = (
				1B250CC4220EE7A4004607B7 /* Play Sports Network Test */,
				1B250CC3220EE7A4004607B7 /* Products */,
				5941DD899241BF82DAFCEF7D /* Pods */,
				1ACCEAB5058FBCC9815C646E /* Frameworks */,
			);
			sourceTree = "<group>";
		};
		1B250CC3220EE7A4004607B7 /* Products */ = {
			isa = PBXGroup;
			children = (
				1B250CC2220EE7A4004607B7 /* Play Sports Network Test.app */,
			);
			name = Products;
			sourceTree = "<group>";
		};
		1B250CC4220EE7A4004607B7 /* Play Sports Network Test */ = {
			isa = PBXGroup;
			children = (
				1B099A4122123E8500231188 /* Extensions */,
				1B250CF02210732A004607B7 /* Networking */,
				1B250CE6220F2881004607B7 /* Singletons */,
				1B250CE1220F0491004607B7 /* View Controllers */,
				1B250CDA220EFA5C004607B7 /* Cells */,
				1B250CD7220EE9C5004607B7 /* Models */,
				1B250CC9220EE7A4004607B7 /* Main.storyboard */,
				1B250CCC220EE7A6004607B7 /* Assets.xcassets */,
				1B250CCE220EE7A6004607B7 /* LaunchScreen.storyboard */,
				1B250CD1220EE7A6004607B7 /* Info.plist */,
			);
			path = "Play Sports Network Test";
			sourceTree = "<group>";
		};
		1B250CD7220EE9C5004607B7 /* Models */ = {
			isa = PBXGroup;
			children = (
				1B250CD8220EE9D6004607B7 /* Video.swift */,
				1B250CF72210991E004607B7 /* Comment.swift */,
			);
			path = Models;
			sourceTree = "<group>";
		};
		1B250CDA220EFA5C004607B7 /* Cells */ = {
			isa = PBXGroup;
			children = (
				1B250CDC220EFA76004607B7 /* Video Details */,
				1B250CDB220EFA6E004607B7 /* Video List */,
			);
			path = Cells;
			sourceTree = "<group>";
		};
		1B250CDB220EFA6E004607B7 /* Video List */ = {
			isa = PBXGroup;
			children = (
				1B250CDD220EFAAF004607B7 /* VideoListCell.swift */,
				1B250CDE220EFAAF004607B7 /* VideoListCell.xib */,
			);
			path = "Video List";
			sourceTree = "<group>";
		};
		1B250CDC220EFA76004607B7 /* Video Details */ = {
			isa = PBXGroup;
			children = (
				1B250CEB22106007004607B7 /* Date and Duration Cell */,
				1B250CEA22105FFC004607B7 /* Comment Cell */,
				1B250CE922105FF1004607B7 /* Simple Text Cell */,
			);
			path = "Video Details";
			sourceTree = "<group>";
		};
		1B250CE1220F0491004607B7 /* View Controllers */ = {
			isa = PBXGroup;
			children = (
				1B250CE5220F287A004607B7 /* List */,
				1B250CE2220F0498004607B7 /* Details */,
			);
			path = "View Controllers";
			sourceTree = "<group>";
		};
		1B250CE2220F0498004607B7 /* Details */ = {
			isa = PBXGroup;
			children = (
				1B250CE3220F04BE004607B7 /* DetailsVC.swift */,
			);
			path = Details;
			sourceTree = "<group>";
		};
		1B250CE5220F287A004607B7 /* List */ = {
			isa = PBXGroup;
			children = (
				1B250CC7220EE7A4004607B7 /* ListVC.swift */,
			);
			path = List;
			sourceTree = "<group>";
		};
		1B250CE6220F2881004607B7 /* Singletons */ = {
			isa = PBXGroup;
			children = (
				1B250CC5220EE7A4004607B7 /* AppDelegate.swift */,
			);
			path = Singletons;
			sourceTree = "<group>";
		};
		1B250CE922105FF1004607B7 /* Simple Text Cell */ = {
			isa = PBXGroup;
			children = (
				1B250CEC22106075004607B7 /* SimpleTextCell.swift */,
				1B250CED22106075004607B7 /* SimpleTextCell.xib */,
			);
			path = "Simple Text Cell";
			sourceTree = "<group>";
		};
		1B250CEA22105FFC004607B7 /* Comment Cell */ = {
			isa = PBXGroup;
			children = (
				1B250CF3221080CA004607B7 /* CommentCell.swift */,
				1B250CF4221080CA004607B7 /* CommentCell.xib */,
			);
			path = "Comment Cell";
			sourceTree = "<group>";
		};
		1B250CEB22106007004607B7 /* Date and Duration Cell */ = {
			isa = PBXGroup;
			children = (
				1B099A3D22122D6400231188 /* DateAndDurationCell.swift */,
				1B099A3E22122D6400231188 /* DateAndDurationCell.xib */,
			);
			path = "Date and Duration Cell";
			sourceTree = "<group>";
		};
		1B250CF02210732A004607B7 /* Networking */ = {
			isa = PBXGroup;
			children = (
				1B250CF122107338004607B7 /* APIClient.swift */,
				1B4014EE2211852E0076FCC1 /* VideoListClient.swift */,
				1B5C5DCF2211D877007124D9 /* VideoDetailsClient.swift */,
			);
			path = Networking;
			sourceTree = "<group>";
		};
		5941DD899241BF82DAFCEF7D /* Pods */ = {
			isa = PBXGroup;
			children = (
				678600696DA50405107F173D /* Pods-Play Sports Network Test.debug.xcconfig */,
				ED994E726D4AC2CD54D1053C /* Pods-Play Sports Network Test.release.xcconfig */,
			);
			name = Pods;
			sourceTree = "<group>";
		};
/* End PBXGroup section */

/* Begin PBXNativeTarget section */
		1B250CC1220EE7A4004607B7 /* Play Sports Network Test */ = {
			isa = PBXNativeTarget;
			buildConfigurationList = 1B250CD4220EE7A6004607B7 /* Build configuration list for PBXNativeTarget "Play Sports Network Test" */;
			buildPhases = (
				B63F38D2E64495DA2AFEBB92 /* [CP] Check Pods Manifest.lock */,
				1B250CBE220EE7A4004607B7 /* Sources */,
				1B250CBF220EE7A4004607B7 /* Frameworks */,
				1B250CC0220EE7A4004607B7 /* Resources */,
				CFAD6EBD68FEB3CBF1E1618B /* [CP] Embed Pods Frameworks */,
			);
			buildRules = (
			);
			dependencies = (
			);
			name = "Play Sports Network Test";
			productName = "Play Sports Network Test";
			productReference = 1B250CC2220EE7A4004607B7 /* Play Sports Network Test.app */;
			productType = "com.apple.product-type.application";
		};
/* End PBXNativeTarget section */

/* Begin PBXProject section */
		1B250CBA220EE7A4004607B7 /* Project object */ = {
			isa = PBXProject;
			attributes = {
				LastSwiftUpdateCheck = 1010;
				LastUpgradeCheck = 1010;
				ORGANIZATIONNAME = "Flávio Silvério";
				TargetAttributes = {
					1B250CC1220EE7A4004607B7 = {
						CreatedOnToolsVersion = 10.1;
					};
				};
			};
			buildConfigurationList = 1B250CBD220EE7A4004607B7 /* Build configuration list for PBXProject "Play Sports Network Test" */;
			compatibilityVersion = "Xcode 9.3";
			developmentRegion = en;
			hasScannedForEncodings = 0;
			knownRegions = (
				en,
				Base,
			);
			mainGroup = 1B250CB9220EE7A4004607B7;
			productRefGroup = 1B250CC3220EE7A4004607B7 /* Products */;
			projectDirPath = "";
			projectRoot = "";
			targets = (
				1B250CC1220EE7A4004607B7 /* Play Sports Network Test */,
			);
		};
/* End PBXProject section */

/* Begin PBXResourcesBuildPhase section */
		1B250CC0220EE7A4004607B7 /* Resources */ = {
			isa = PBXResourcesBuildPhase;
			buildActionMask = 2147483647;
			files = (
				1B099A4022122D6400231188 /* DateAndDurationCell.xib in Resources */,
				1B250CD0220EE7A6004607B7 /* LaunchScreen.storyboard in Resources */,
				1B250CE0220EFAAF004607B7 /* VideoListCell.xib in Resources */,
				1B250CEF22106075004607B7 /* SimpleTextCell.xib in Resources */,
				1B250CF6221080CA004607B7 /* CommentCell.xib in Resources */,
				1B250CCD220EE7A6004607B7 /* Assets.xcassets in Resources */,
				1B250CCB220EE7A4004607B7 /* Main.storyboard in Resources */,
			);
			runOnlyForDeploymentPostprocessing = 0;
		};
/* End PBXResourcesBuildPhase section */

/* Begin PBXShellScriptBuildPhase section */
		B63F38D2E64495DA2AFEBB92 /* [CP] Check Pods Manifest.lock */ = {
			isa = PBXShellScriptBuildPhase;
			buildActionMask = 2147483647;
			files = (
			);
			inputPaths = (
				"${PODS_PODFILE_DIR_PATH}/Podfile.lock",
				"${PODS_ROOT}/Manifest.lock",
			);
			name = "[CP] Check Pods Manifest.lock";
			outputPaths = (
				"$(DERIVED_FILE_DIR)/Pods-Play Sports Network Test-checkManifestLockResult.txt",
			);
			runOnlyForDeploymentPostprocessing = 0;
			shellPath = /bin/sh;
			shellScript = "diff \"${PODS_PODFILE_DIR_PATH}/Podfile.lock\" \"${PODS_ROOT}/Manifest.lock\" > /dev/null\nif [ $? != 0 ] ; then\n    # print error to STDERR\n    echo \"error: The sandbox is not in sync with the Podfile.lock. Run 'pod install' or update your CocoaPods installation.\" >&2\n    exit 1\nfi\n# This output is used by Xcode 'outputs' to avoid re-running this script phase.\necho \"SUCCESS\" > \"${SCRIPT_OUTPUT_FILE_0}\"\n";
			showEnvVarsInLog = 0;
		};
		CFAD6EBD68FEB3CBF1E1618B /* [CP] Embed Pods Frameworks */ = {
			isa = PBXShellScriptBuildPhase;
			buildActionMask = 2147483647;
			files = (
			);
			inputPaths = (
				"${SRCROOT}/Pods/Target Support Files/Pods-Play Sports Network Test/Pods-Play Sports Network Test-frameworks.sh",
				"${BUILT_PRODUCTS_DIR}/Kingfisher/Kingfisher.framework",
			);
			name = "[CP] Embed Pods Frameworks";
			outputPaths = (
				"${TARGET_BUILD_DIR}/${FRAMEWORKS_FOLDER_PATH}/Kingfisher.framework",
			);
			runOnlyForDeploymentPostprocessing = 0;
			shellPath = /bin/sh;
			shellScript = "\"${SRCROOT}/Pods/Target Support Files/Pods-Play Sports Network Test/Pods-Play Sports Network Test-frameworks.sh\"\n";
			showEnvVarsInLog = 0;
		};
/* End PBXShellScriptBuildPhase section */

/* Begin PBXSourcesBuildPhase section */
		1B250CBE220EE7A4004607B7 /* Sources */ = {
			isa = PBXSourcesBuildPhase;
			buildActionMask = 2147483647;
			files = (
				1B250CC8220EE7A4004607B7 /* ListVC.swift in Sources */,
				1B250CF222107338004607B7 /* APIClient.swift in Sources */,
				1B250CDF220EFAAF004607B7 /* VideoListCell.swift in Sources */,
				1B250CE4220F04BE004607B7 /* DetailsVC.swift in Sources */,
				1B250CD9220EE9D6004607B7 /* Video.swift in Sources */,
				1B099A4322123EA500231188 /* UIView+Extensions.swift in Sources */,
				1B250CEE22106075004607B7 /* SimpleTextCell.swift in Sources */,
				1B4014EF2211852E0076FCC1 /* VideoListClient.swift in Sources */,
				1B099A3F22122D6400231188 /* DateAndDurationCell.swift in Sources */,
				1B250CC6220EE7A4004607B7 /* AppDelegate.swift in Sources */,
				1B5C5DD02211D877007124D9 /* VideoDetailsClient.swift in Sources */,
				1B250CF82210991E004607B7 /* Comment.swift in Sources */,
				1B250CF5221080CA004607B7 /* CommentCell.swift in Sources */,
			);
			runOnlyForDeploymentPostprocessing = 0;
		};
/* End PBXSourcesBuildPhase section */

/* Begin PBXVariantGroup section */
		1B250CC9220EE7A4004607B7 /* Main.storyboard */ = {
			isa = PBXVariantGroup;
			children = (
				1B250CCA220EE7A4004607B7 /* Base */,
			);
			name = Main.storyboard;
			sourceTree = "<group>";
		};
		1B250CCE220EE7A6004607B7 /* LaunchScreen.storyboard */ = {
			isa = PBXVariantGroup;
			children = (
				1B250CCF220EE7A6004607B7 /* Base */,
			);
			name = LaunchScreen.storyboard;
			sourceTree = "<group>";
		};
/* End PBXVariantGroup section */

/* Begin XCBuildConfiguration section */
		1B250CD2220EE7A6004607B7 /* Debug */ = {
			isa = XCBuildConfiguration;
			buildSettings = {
				ALWAYS_SEARCH_USER_PATHS = NO;
				CLANG_ANALYZER_NONNULL = YES;
				CLANG_ANALYZER_NUMBER_OBJECT_CONVERSION = YES_AGGRESSIVE;
				CLANG_CXX_LANGUAGE_STANDARD = "gnu++14";
				CLANG_CXX_LIBRARY = "libc++";
				CLANG_ENABLE_MODULES = YES;
				CLANG_ENABLE_OBJC_ARC = YES;
				CLANG_ENABLE_OBJC_WEAK = YES;
				CLANG_WARN_BLOCK_CAPTURE_AUTORELEASING = YES;
				CLANG_WARN_BOOL_CONVERSION = YES;
				CLANG_WARN_COMMA = YES;
				CLANG_WARN_CONSTANT_CONVERSION = YES;
				CLANG_WARN_DEPRECATED_OBJC_IMPLEMENTATIONS = YES;
				CLANG_WARN_DIRECT_OBJC_ISA_USAGE = YES_ERROR;
				CLANG_WARN_DOCUMENTATION_COMMENTS = YES;
				CLANG_WARN_EMPTY_BODY = YES;
				CLANG_WARN_ENUM_CONVERSION = YES;
				CLANG_WARN_INFINITE_RECURSION = YES;
				CLANG_WARN_INT_CONVERSION = YES;
				CLANG_WARN_NON_LITERAL_NULL_CONVERSION = YES;
				CLANG_WARN_OBJC_IMPLICIT_RETAIN_SELF = YES;
				CLANG_WARN_OBJC_LITERAL_CONVERSION = YES;
				CLANG_WARN_OBJC_ROOT_CLASS = YES_ERROR;
				CLANG_WARN_RANGE_LOOP_ANALYSIS = YES;
				CLANG_WARN_STRICT_PROTOTYPES = YES;
				CLANG_WARN_SUSPICIOUS_MOVE = YES;
				CLANG_WARN_UNGUARDED_AVAILABILITY = YES_AGGRESSIVE;
				CLANG_WARN_UNREACHABLE_CODE = YES;
				CLANG_WARN__DUPLICATE_METHOD_MATCH = YES;
				CODE_SIGN_IDENTITY = "iPhone Developer";
				COPY_PHASE_STRIP = NO;
				DEBUG_INFORMATION_FORMAT = dwarf;
				ENABLE_STRICT_OBJC_MSGSEND = YES;
				ENABLE_TESTABILITY = YES;
				GCC_C_LANGUAGE_STANDARD = gnu11;
				GCC_DYNAMIC_NO_PIC = NO;
				GCC_NO_COMMON_BLOCKS = YES;
				GCC_OPTIMIZATION_LEVEL = 0;
				GCC_PREPROCESSOR_DEFINITIONS = (
					"DEBUG=1",
					"$(inherited)",
				);
				GCC_WARN_64_TO_32_BIT_CONVERSION = YES;
				GCC_WARN_ABOUT_RETURN_TYPE = YES_ERROR;
				GCC_WARN_UNDECLARED_SELECTOR = YES;
				GCC_WARN_UNINITIALIZED_AUTOS = YES_AGGRESSIVE;
				GCC_WARN_UNUSED_FUNCTION = YES;
				GCC_WARN_UNUSED_VARIABLE = YES;
				IPHONEOS_DEPLOYMENT_TARGET = 12.1;
				MTL_ENABLE_DEBUG_INFO = INCLUDE_SOURCE;
				MTL_FAST_MATH = YES;
				ONLY_ACTIVE_ARCH = YES;
				SDKROOT = iphoneos;
				SWIFT_ACTIVE_COMPILATION_CONDITIONS = DEBUG;
				SWIFT_OPTIMIZATION_LEVEL = "-Onone";
			};
			name = Debug;
		};
		1B250CD3220EE7A6004607B7 /* Release */ = {
			isa = XCBuildConfiguration;
			buildSettings = {
				ALWAYS_SEARCH_USER_PATHS = NO;
				CLANG_ANALYZER_NONNULL = YES;
				CLANG_ANALYZER_NUMBER_OBJECT_CONVERSION = YES_AGGRESSIVE;
				CLANG_CXX_LANGUAGE_STANDARD = "gnu++14";
				CLANG_CXX_LIBRARY = "libc++";
				CLANG_ENABLE_MODULES = YES;
				CLANG_ENABLE_OBJC_ARC = YES;
				CLANG_ENABLE_OBJC_WEAK = YES;
				CLANG_WARN_BLOCK_CAPTURE_AUTORELEASING = YES;
				CLANG_WARN_BOOL_CONVERSION = YES;
				CLANG_WARN_COMMA = YES;
				CLANG_WARN_CONSTANT_CONVERSION = YES;
				CLANG_WARN_DEPRECATED_OBJC_IMPLEMENTATIONS = YES;
				CLANG_WARN_DIRECT_OBJC_ISA_USAGE = YES_ERROR;
				CLANG_WARN_DOCUMENTATION_COMMENTS = YES;
				CLANG_WARN_EMPTY_BODY = YES;
				CLANG_WARN_ENUM_CONVERSION = YES;
				CLANG_WARN_INFINITE_RECURSION = YES;
				CLANG_WARN_INT_CONVERSION = YES;
				CLANG_WARN_NON_LITERAL_NULL_CONVERSION = YES;
				CLANG_WARN_OBJC_IMPLICIT_RETAIN_SELF = YES;
				CLANG_WARN_OBJC_LITERAL_CONVERSION = YES;
				CLANG_WARN_OBJC_ROOT_CLASS = YES_ERROR;
				CLANG_WARN_RANGE_LOOP_ANALYSIS = YES;
				CLANG_WARN_STRICT_PROTOTYPES = YES;
				CLANG_WARN_SUSPICIOUS_MOVE = YES;
				CLANG_WARN_UNGUARDED_AVAILABILITY = YES_AGGRESSIVE;
				CLANG_WARN_UNREACHABLE_CODE = YES;
				CLANG_WARN__DUPLICATE_METHOD_MATCH = YES;
				CODE_SIGN_IDENTITY = "iPhone Developer";
				COPY_PHASE_STRIP = NO;
				DEBUG_INFORMATION_FORMAT = "dwarf-with-dsym";
				ENABLE_NS_ASSERTIONS = NO;
				ENABLE_STRICT_OBJC_MSGSEND = YES;
				GCC_C_LANGUAGE_STANDARD = gnu11;
				GCC_NO_COMMON_BLOCKS = YES;
				GCC_WARN_64_TO_32_BIT_CONVERSION = YES;
				GCC_WARN_ABOUT_RETURN_TYPE = YES_ERROR;
				GCC_WARN_UNDECLARED_SELECTOR = YES;
				GCC_WARN_UNINITIALIZED_AUTOS = YES_AGGRESSIVE;
				GCC_WARN_UNUSED_FUNCTION = YES;
				GCC_WARN_UNUSED_VARIABLE = YES;
				IPHONEOS_DEPLOYMENT_TARGET = 12.1;
				MTL_ENABLE_DEBUG_INFO = NO;
				MTL_FAST_MATH = YES;
				SDKROOT = iphoneos;
				SWIFT_COMPILATION_MODE = wholemodule;
				SWIFT_OPTIMIZATION_LEVEL = "-O";
				VALIDATE_PRODUCT = YES;
			};
			name = Release;
		};
		1B250CD5220EE7A6004607B7 /* Debug */ = {
			isa = XCBuildConfiguration;
			baseConfigurationReference = 678600696DA50405107F173D /* Pods-Play Sports Network Test.debug.xcconfig */;
			buildSettings = {
				ASSETCATALOG_COMPILER_APPICON_NAME = AppIcon;
				CODE_SIGN_STYLE = Automatic;
				DEVELOPMENT_TEAM = DRC2HPV8MW;
				INFOPLIST_FILE = "Play Sports Network Test/Info.plist";
				LD_RUNPATH_SEARCH_PATHS = (
					"$(inherited)",
					"@executable_path/Frameworks",
				);
				PRODUCT_BUNDLE_IDENTIFIER = "silverio.flavio.Play-Sports-Network-Test";
				PRODUCT_NAME = "$(TARGET_NAME)";
				SWIFT_VERSION = 4.2;
				TARGETED_DEVICE_FAMILY = "1,2";
			};
			name = Debug;
		};
		1B250CD6220EE7A6004607B7 /* Release */ = {
			isa = XCBuildConfiguration;
			baseConfigurationReference = ED994E726D4AC2CD54D1053C /* Pods-Play Sports Network Test.release.xcconfig */;
			buildSettings = {
				ASSETCATALOG_COMPILER_APPICON_NAME = AppIcon;
				CODE_SIGN_STYLE = Automatic;
				DEVELOPMENT_TEAM = DRC2HPV8MW;
				INFOPLIST_FILE = "Play Sports Network Test/Info.plist";
				LD_RUNPATH_SEARCH_PATHS = (
					"$(inherited)",
					"@executable_path/Frameworks",
				);
				PRODUCT_BUNDLE_IDENTIFIER = "silverio.flavio.Play-Sports-Network-Test";
				PRODUCT_NAME = "$(TARGET_NAME)";
				SWIFT_VERSION = 4.2;
				TARGETED_DEVICE_FAMILY = "1,2";
			};
			name = Release;
		};
/* End XCBuildConfiguration section */

/* Begin XCConfigurationList section */
		1B250CBD220EE7A4004607B7 /* Build configuration list for PBXProject "Play Sports Network Test" */ = {
			isa = XCConfigurationList;
			buildConfigurations = (
				1B250CD2220EE7A6004607B7 /* Debug */,
				1B250CD3220EE7A6004607B7 /* Release */,
			);
			defaultConfigurationIsVisible = 0;
			defaultConfigurationName = Release;
		};
		1B250CD4220EE7A6004607B7 /* Build configuration list for PBXNativeTarget "Play Sports Network Test" */ = {
			isa = XCConfigurationList;
			buildConfigurations = (
				1B250CD5220EE7A6004607B7 /* Debug */,
				1B250CD6220EE7A6004607B7 /* Release */,
			);
			defaultConfigurationIsVisible = 0;
			defaultConfigurationName = Release;
		};
/* End XCConfigurationList section */
	};
	rootObject = 1B250CBA220EE7A4004607B7 /* Project object */;
}
